
Microsoft Visual Studio Solution File, Format Version 12.00
# Visual Studio 15
VisualStudioVersion = 15.0.28307.136
MinimumVisualStudioVersion = 10.0.40219.1
Project("{FAE04EC0-301F-11D3-BF4B-00C04F79EFBC}") = "BE", "EB\BE.csproj", "{48F6C0DA-A27B-42EC-994B-74442C36F826}"
EndProject
Project("{FAE04EC0-301F-11D3-BF4B-00C04F79EFBC}") = "DAL", "DAL\DAL.csproj", "{64ACE4B0-E16D-4A2E-8E2B-710AF33675F4}"
EndProject
Project("{FAE04EC0-301F-11D3-BF4B-00C04F79EFBC}") = "DS", "DS\DS.csproj", "{B1F124EB-C982-4DC1-B37B-0711BA3A7450}"
EndProject
Project("{FAE04EC0-301F-11D3-BF4B-00C04F79EFBC}") = "BL", "BL\BL.csproj", "{8ACB4301-8808-4E9C-980E-B16625B60E89}"
EndProject
Project("{FAE04EC0-301F-11D3-BF4B-00C04F79EFBC}") = "PL", "PL\PL.csproj", "{39D4527A-52C9-4A64-842F-79FA122A1F5C}"
EndProject
Project("{FAE04EC0-301F-11D3-BF4B-00C04F79EFBC}") = "WpfApp1", "WpfApp1\WpfApp1.csproj", "{9715DD5D-4790-495A-8EFA-1C544A1D9D81}"
EndProject
Project("{FAE04EC0-301F-11D3-BF4B-00C04F79EFBC}") = "WpfApp2", "WpfApp2\WpfApp2.csproj", "{2D8738B4-02FE-417D-8C4F-85F828A6140A}"
EndProject
Project("{FAE04EC0-301F-11D3-BF4B-00C04F79EFBC}") = "PLWPF", "PLWPF\PLWPF.csproj", "{5C387B6D-FE0B-4882-B0FB-88BB8CA4392F}"
EndProject
Global
	GlobalSection(SolutionConfigurationPlatforms) = preSolution
		Debug|Any CPU = Debug|Any CPU
		Release|Any CPU = Release|Any CPU
	EndGlobalSection
	GlobalSection(ProjectConfigurationPlatforms) = postSolution
		{48F6C0DA-A27B-42EC-994B-74442C36F826}.Debug|Any CPU.ActiveCfg = Debug|Any CPU
		{48F6C0DA-A27B-42EC-994B-74442C36F826}.Debug|Any CPU.Build.0 = Debug|Any CPU
		{48F6C0DA-A27B-42EC-994B-74442C36F826}.Release|Any CPU.ActiveCfg = Release|Any CPU
		{48F6C0DA-A27B-42EC-994B-74442C36F826}.Release|Any CPU.Build.0 = Release|Any CPU
		{64ACE4B0-E16D-4A2E-8E2B-710AF33675F4}.Debug|Any CPU.ActiveCfg = Debug|Any CPU
		{64ACE4B0-E16D-4A2E-8E2B-710AF33675F4}.Debug|Any CPU.Build.0 = Debug|Any CPU
		{64ACE4B0-E16D-4A2E-8E2B-710AF33675F4}.Release|Any CPU.ActiveCfg = Release|Any CPU
		{64ACE4B0-E16D-4A2E-8E2B-710AF33675F4}.Release|Any CPU.Build.0 = Release|Any CPU
		{B1F124EB-C982-4DC1-B37B-0711BA3A7450}.Debug|Any CPU.ActiveCfg = Debug|Any CPU
		{B1F124EB-C982-4DC1-B37B-0711BA3A7450}.Debug|Any CPU.Build.0 = Debug|Any CPU
		{B1F124EB-C982-4DC1-B37B-0711BA3A7450}.Release|Any CPU.ActiveCfg = Release|Any CPU
		{B1F124EB-C982-4DC1-B37B-0711BA3A7450}.Release|Any CPU.Build.0 = Release|Any CPU
		{8ACB4301-8808-4E9C-980E-B16625B60E89}.Debug|Any CPU.ActiveCfg = Debug|Any CPU
		{8ACB4301-8808-4E9C-980E-B16625B60E89}.Debug|Any CPU.Build.0 = Debug|Any CPU
		{8ACB4301-8808-4E9C-980E-B16625B60E89}.Release|Any CPU.ActiveCfg = Release|Any CPU
		{8ACB4301-8808-4E9C-980E-B16625B60E89}.Release|Any CPU.Build.0 = Release|Any CPU
		{39D4527A-52C9-4A64-842F-79FA122A1F5C}.Debug|Any CPU.ActiveCfg = Debug|Any CPU
		{39D4527A-52C9-4A64-842F-79FA122A1F5C}.Debug|Any CPU.Build.0 = Debug|Any CPU
		{39D4527A-52C9-4A64-842F-79FA122A1F5C}.Release|Any CPU.ActiveCfg = Release|Any CPU
		{39D4527A-52C9-4A64-842F-79FA122A1F5C}.Release|Any CPU.Build.0 = Release|Any CPU
		{9715DD5D-4790-495A-8EFA-1C544A1D9D81}.Debug|Any CPU.ActiveCfg = Debug|Any CPU
		{9715DD5D-4790-495A-8EFA-1C544A1D9D81}.Debug|Any CPU.Build.0 = Debug|Any CPU
		{9715DD5D-4790-495A-8EFA-1C544A1D9D81}.Release|Any CPU.ActiveCfg = Release|Any CPU
		{9715DD5D-4790-495A-8EFA-1C544A1D9D81}.Release|Any CPU.Build.0 = Release|Any CPU
		{2D8738B4-02FE-417D-8C4F-85F828A6140A}.Debug|Any CPU.ActiveCfg = Debug|Any CPU
		{2D8738B4-02FE-417D-8C4F-85F828A6140A}.Debug|Any CPU.Build.0 = Debug|Any CPU
		{2D8738B4-02FE-417D-8C4F-85F828A6140A}.Release|Any CPU.ActiveCfg = Release|Any CPU
		{2D8738B4-02FE-417D-8C4F-85F828A6140A}.Release|Any CPU.Build.0 = Release|Any CPU
		{5C387B6D-FE0B-4882-B0FB-88BB8CA4392F}.Debug|Any CPU.ActiveCfg = Debug|Any CPU
		{5C387B6D-FE0B-4882-B0FB-88BB8CA4392F}.Debug|Any CPU.Build.0 = Debug|Any CPU
		{5C387B6D-FE0B-4882-B0FB-88BB8CA4392F}.Release|Any CPU.ActiveCfg = Release|Any CPU
		{5C387B6D-FE0B-4882-B0FB-88BB8CA4392F}.Release|Any CPU.Build.0 = Release|Any CPU
	EndGlobalSection
	GlobalSection(SolutionProperties) = preSolution
		HideSolutionNode = FALSE
	EndGlobalSection
	GlobalSection(ExtensibilityGlobals) = postSolution
		SolutionGuid = {8AF00541-79DB-400C-A331-EE62D697AFBA}
	EndGlobalSection
EndGlobal
